// !$*UTF8*$!
{
	archiveVersion = 1;
	classes = {
	};
	objectVersion = 46;
	objects = {

/* Begin PBXBuildFile section */
		9323C14D110524050E68FF34 /* libPods.a in Frameworks */ = {isa = PBXBuildFile; fileRef = C5A307D49A22CFB47B9F6760 /* libPods.a */; };
		96EA84261C467F5F006C3D9D /* main.m in Sources */ = {isa = PBXBuildFile; fileRef = 96EA84251C467F5F006C3D9D /* main.m */; };
		96EA84291C467F5F006C3D9D /* AppDelegate.m in Sources */ = {isa = PBXBuildFile; fileRef = 96EA84281C467F5F006C3D9D /* AppDelegate.m */; };
		96EA842C1C467F5F006C3D9D /* ViewController.m in Sources */ = {isa = PBXBuildFile; fileRef = 96EA842B1C467F5F006C3D9D /* ViewController.m */; };
		96EA842F1C467F5F006C3D9D /* Main.storyboard in Resources */ = {isa = PBXBuildFile; fileRef = 96EA842D1C467F5F006C3D9D /* Main.storyboard */; };
		96EA84311C467F5F006C3D9D /* Assets.xcassets in Resources */ = {isa = PBXBuildFile; fileRef = 96EA84301C467F5F006C3D9D /* Assets.xcassets */; };
		96EA84341C467F5F006C3D9D /* LaunchScreen.storyboard in Resources */ = {isa = PBXBuildFile; fileRef = 96EA84321C467F5F006C3D9D /* LaunchScreen.storyboard */; };
/* End PBXBuildFile section */

/* Begin PBXFileReference section */
		3D32224B9DC4F0E16C85C7B7 /* Pods.release.xcconfig */ = {isa = PBXFileReference; includeInIndex = 1; lastKnownFileType = text.xcconfig; name = Pods.release.xcconfig; path = "Pods/Target Support Files/Pods/Pods.release.xcconfig"; sourceTree = "<group>"; };
		43777F9FD2003DDA3B3838CE /* Pods.debug.xcconfig */ = {isa = PBXFileReference; includeInIndex = 1; lastKnownFileType = text.xcconfig; name = Pods.debug.xcconfig; path = "Pods/Target Support Files/Pods/Pods.debug.xcconfig"; sourceTree = "<group>"; };
		96EA84211C467F5F006C3D9D /* TaskManager.app */ = {isa = PBXFileReference; explicitFileType = wrapper.application; includeInIndex = 0; path = TaskManager.app; sourceTree = BUILT_PRODUCTS_DIR; };
		96EA84251C467F5F006C3D9D /* main.m */ = {isa = PBXFileReference; lastKnownFileType = sourcecode.c.objc; path = main.m; sourceTree = "<group>"; };
		96EA84271C467F5F006C3D9D /* AppDelegate.h */ = {isa = PBXFileReference; lastKnownFileType = sourcecode.c.h; path = AppDelegate.h; sourceTree = "<group>"; };
		96EA84281C467F5F006C3D9D /* AppDelegate.m */ = {isa = PBXFileReference; lastKnownFileType = sourcecode.c.objc; path = AppDelegate.m; sourceTree = "<group>"; };
		96EA842A1C467F5F006C3D9D /* ViewController.h */ = {isa = PBXFileReference; lastKnownFileType = sourcecode.c.h; path = ViewController.h; sourceTree = "<group>"; };
		96EA842B1C467F5F006C3D9D /* ViewController.m */ = {isa = PBXFileReference; lastKnownFileType = sourcecode.c.objc; path = ViewController.m; sourceTree = "<group>"; };
		96EA842E1C467F5F006C3D9D /* Base */ = {isa = PBXFileReference; lastKnownFileType = file.storyboard; name = Base; path = Base.lproj/Main.storyboard; sourceTree = "<group>"; };
		96EA84301C467F5F006C3D9D /* Assets.xcassets */ = {isa = PBXFileReference; lastKnownFileType = folder.assetcatalog; path = Assets.xcassets; sourceTree = "<group>"; };
		96EA84331C467F5F006C3D9D /* Base */ = {isa = PBXFileReference; lastKnownFileType = file.storyboard; name = Base; path = Base.lproj/LaunchScreen.storyboard; sourceTree = "<group>"; };
		96EA84351C467F5F006C3D9D /* Info.plist */ = {isa = PBXFileReference; lastKnownFileType = text.plist.xml; path = Info.plist; sourceTree = "<group>"; };
		C5A307D49A22CFB47B9F6760 /* libPods.a */ = {isa = PBXFileReference; explicitFileType = archive.ar; includeInIndex = 0; path = libPods.a; sourceTree = BUILT_PRODUCTS_DIR; };
/* End PBXFileReference section */

/* Begin PBXFrameworksBuildPhase section */
		96EA841E1C467F5F006C3D9D /* Frameworks */ = {
			isa = PBXFrameworksBuildPhase;
			buildActionMask = 2147483647;
			files = (
				9323C14D110524050E68FF34 /* libPods.a in Frameworks */,
			);
			runOnlyForDeploymentPostprocessing = 0;
		};
/* End PBXFrameworksBuildPhase section */

/* Begin PBXGroup section */
		19C1468FDCF410EB04BF5282 /* Frameworks */ = {
			isa = PBXGroup;
			children = (
				C5A307D49A22CFB47B9F6760 /* libPods.a */,
			);
			name = Frameworks;
			sourceTree = "<group>";
		};
		402FA107AE63E017022F2790 /* Pods */ = {
			isa = PBXGroup;
			children = (
				43777F9FD2003DDA3B3838CE /* Pods.debug.xcconfig */,
				3D32224B9DC4F0E16C85C7B7 /* Pods.release.xcconfig */,
			);
			name = Pods;
			sourceTree = "<group>";
		};
		96EA84181C467F5F006C3D9D = {
			isa = PBXGroup;
			children = (
				96EA84231C467F5F006C3D9D /* TaskManager */,
				96EA84221C467F5F006C3D9D /* Products */,
				402FA107AE63E017022F2790 /* Pods */,
				19C1468FDCF410EB04BF5282 /* Frameworks */,
			);
			sourceTree = "<group>";
		};
		96EA84221C467F5F006C3D9D /* Products */ = {
			isa = PBXGroup;
			children = (
				96EA84211C467F5F006C3D9D /* TaskManager.app */,
			);
			name = Products;
			sourceTree = "<group>";
		};
		96EA84231C467F5F006C3D9D /* TaskManager */ = {
			isa = PBXGroup;
			children = (
				96EA84271C467F5F006C3D9D /* AppDelegate.h */,
				96EA84281C467F5F006C3D9D /* AppDelegate.m */,
				96EA842A1C467F5F006C3D9D /* ViewController.h */,
				96EA842B1C467F5F006C3D9D /* ViewController.m */,
				96EA842D1C467F5F006C3D9D /* Main.storyboard */,
				96EA84301C467F5F006C3D9D /* Assets.xcassets */,
				96EA84321C467F5F006C3D9D /* LaunchScreen.storyboard */,
				96EA84351C467F5F006C3D9D /* Info.plist */,
				96EA84241C467F5F006C3D9D /* Supporting Files */,
			);
			path = TaskManager;
			sourceTree = "<group>";
		};
		96EA84241C467F5F006C3D9D /* Supporting Files */ = {
			isa = PBXGroup;
			children = (
				96EA84251C467F5F006C3D9D /* main.m */,
			);
			name = "Supporting Files";
			sourceTree = "<group>";
		};
/* End PBXGroup section */

/* Begin PBXNativeTarget section */
		96EA84201C467F5F006C3D9D /* TaskManager */ = {
			isa = PBXNativeTarget;
			buildConfigurationList = 96EA84381C467F5F006C3D9D /* Build configuration list for PBXNativeTarget "TaskManager" */;
			buildPhases = (
				67BBC0C850CE321C524E8E68 /* Check Pods Manifest.lock */,
				96EA841D1C467F5F006C3D9D /* Sources */,
				96EA841E1C467F5F006C3D9D /* Frameworks */,
				96EA841F1C467F5F006C3D9D /* Resources */,
				997BEAD9E1512E1432461420 /* Embed Pods Frameworks */,
				F10EFB1C8765A702C9E8FA0B /* Copy Pods Resources */,
			);
			buildRules = (
			);
			dependencies = (
			);
			name = TaskManager;
			productName = TaskManager;
			productReference = 96EA84211C467F5F006C3D9D /* TaskManager.app */;
			productType = "com.apple.product-type.application";
		};
/* End PBXNativeTarget section */

/* Begin PBXProject section */
		96EA84191C467F5F006C3D9D /* Project object */ = {
			isa = PBXProject;
			attributes = {
				LastUpgradeCheck = 0720;
				ORGANIZATIONNAME = SoulJa;
				TargetAttributes = {
					96EA84201C467F5F006C3D9D = {
						CreatedOnToolsVersion = 7.2;
					};
				};
			};
			buildConfigurationList = 96EA841C1C467F5F006C3D9D /* Build configuration list for PBXProject "TaskManager" */;
			compatibilityVersion = "Xcode 3.2";
			developmentRegion = English;
			hasScannedForEncodings = 0;
			knownRegions = (
				en,
				Base,
			);
			mainGroup = 96EA84181C467F5F006C3D9D;
			productRefGroup = 96EA84221C467F5F006C3D9D /* Products */;
			projectDirPath = "";
			projectRoot = "";
			targets = (
				96EA84201C467F5F006C3D9D /* TaskManager */,
			);
		};
/* End PBXProject section */

/* Begin PBXResourcesBuildPhase section */
		96EA841F1C467F5F006C3D9D /* Resources */ = {
			isa = PBXResourcesBuildPhase;
			buildActionMask = 2147483647;
			files = (
				96EA84341C467F5F006C3D9D /* LaunchScreen.storyboard in Resources */,
				96EA84311C467F5F006C3D9D /* Assets.xcassets in Resources */,
				96EA842F1C467F5F006C3D9D /* Main.storyboard in Resources */,
			);
			runOnlyForDeploymentPostprocessing = 0;
		};
/* End PBXResourcesBuildPhase section */

/* Begin PBXShellScriptBuildPhase section */
		67BBC0C850CE321C524E8E68 /* Check Pods Manifest.lock */ = {
			isa = PBXShellScriptBuildPhase;
			buildActionMask = 2147483647;
			files = (
			);
			inputPaths = (
			);
			name = "Check Pods Manifest.lock";
			outputPaths = (
			);
			runOnlyForDeploymentPostprocessing = 0;
			shellPath = /bin/sh;
			shellScript = "diff \"${PODS_ROOT}/../Podfile.lock\" \"${PODS_ROOT}/Manifest.lock\" > /dev/null\nif [[ $? != 0 ]] ; then\n    cat << EOM\nerror: The sandbox is not in sync with the Podfile.lock. Run 'pod install' or update your CocoaPods installation.\nEOM\n    exit 1\nfi\n";
			showEnvVarsInLog = 0;
		};
		997BEAD9E1512E1432461420 /* Embed Pods Frameworks */ = {
			isa = PBXShellScriptBuildPhase;
			buildActionMask = 2147483647;
			files = (
			);
			inputPaths = (
			);
			name = "Embed Pods Frameworks";
			outputPaths = (
			);
			runOnlyForDeploymentPostprocessing = 0;
			shellPath = /bin/sh;
			shellScript = "\"${SRCROOT}/Pods/Target Support Files/Pods/Pods-frameworks.sh\"\n";
			showEnvVarsInLog = 0;
		};
		F10EFB1C8765A702C9E8FA0B /* Copy Pods Resources */ = {
			isa = PBXShellScriptBuildPhase;
			buildActionMask = 2147483647;
			files = (
			);
			inputPaths = (
			);
			name = "Copy Pods Resources";
			outputPaths = (
			);
			runOnlyForDeploymentPostprocessing = 0;
			shellPath = /bin/sh;
			shellScript = "\"${SRCROOT}/Pods/Target Support Files/Pods/Pods-resources.sh\"\n";
			showEnvVarsInLog = 0;
		};
/* End PBXShellScriptBuildPhase section */

/* Begin PBXSourcesBuildPhase section */
		96EA841D1C467F5F006C3D9D /* Sources */ = {
			isa = PBXSourcesBuildPhase;
			buildActionMask = 2147483647;
			files = (
				96EA842C1C467F5F006C3D9D /* ViewController.m in Sources */,
				96EA84291C467F5F006C3D9D /* AppDelegate.m in Sources */,
				96EA84261C467F5F006C3D9D /* main.m in Sources */,
			);
			runOnlyForDeploymentPostprocessing = 0;
		};
/* End PBXSourcesBuildPhase section */

/* Begin PBXVariantGroup section */
		96EA842D1C467F5F006C3D9D /* Main.storyboard */ = {
			isa = PBXVariantGroup;
			children = (
				96EA842E1C467F5F006C3D9D /* Base */,
			);
			name = Main.storyboard;
			sourceTree = "<group>";
		};
		96EA84321C467F5F006C3D9D /* LaunchScreen.storyboard */ = {
			isa = PBXVariantGroup;
			children = (
				96EA84331C467F5F006C3D9D /* Base */,
			);
			name = LaunchScreen.storyboard;
			sourceTree = "<group>";
		};
/* End PBXVariantGroup section */

/* Begin XCBuildConfiguration section */
		96EA84361C467F5F006C3D9D /* Debug */ = {
			isa = XCBuildConfiguration;
			buildSettings = {
				ALWAYS_SEARCH_USER_PATHS = NO;
				CLANG_CXX_LANGUAGE_STANDARD = "gnu++0x";
				CLANG_CXX_LIBRARY = "libc++";
				CLANG_ENABLE_MODULES = YES;
				CLANG_ENABLE_OBJC_ARC = YES;
				CLANG_WARN_BOOL_CONVERSION = YES;
				CLANG_WARN_CONSTANT_CONVERSION = YES;
				CLANG_WARN_DIRECT_OBJC_ISA_USAGE = YES_ERROR;
				CLANG_WARN_EMPTY_BODY = YES;
				CLANG_WARN_ENUM_CONVERSION = YES;
				CLANG_WARN_INT_CONVERSION = YES;
				CLANG_WARN_OBJC_ROOT_CLASS = YES_ERROR;
				CLANG_WARN_UNREACHABLE_CODE = YES;
				CLANG_WARN__DUPLICATE_METHOD_MATCH = YES;
				"CODE_SIGN_IDENTITY[sdk=iphoneos*]" = "iPhone Developer";
				COPY_PHASE_STRIP = NO;
				DEBUG_INFORMATION_FORMAT = dwarf;
				ENABLE_STRICT_OBJC_MSGSEND = YES;
				ENABLE_TESTABILITY = YES;
				GCC_C_LANGUAGE_STANDARD = gnu99;
				GCC_DYNAMIC_NO_PIC = NO;
				GCC_NO_COMMON_BLOCKS = YES;
				GCC_OPTIMIZATION_LEVEL = 0;
				GCC_PREPROCESSOR_DEFINITIONS = (
					"DEBUG=1",
					"$(inherited)",
				);
				GCC_WARN_64_TO_32_BIT_CONVERSION = YES;
				GCC_WARN_ABOUT_RETURN_TYPE = YES_ERROR;
				GCC_WARN_UNDECLARED_SELECTOR = YES;
				GCC_WARN_UNINITIALIZED_AUTOS = YES_AGGRESSIVE;
				GCC_WARN_UNUSED_FUNCTION = YES;
				GCC_WARN_UNUSED_VARIABLE = YES;
				IPHONEOS_DEPLOYMENT_TARGET = 9.2;
				MTL_ENABLE_DEBUG_INFO = YES;
				ONLY_ACTIVE_ARCH = YES;
				SDKROOT = iphoneos;
			};
			name = Debug;
		};
		96EA84371C467F5F006C3D9D /* Release */ = {
			isa = XCBuildConfiguration;
			buildSettings = {
				ALWAYS_SEARCH_USER_PATHS = NO;
				CLANG_CXX_LANGUAGE_STANDARD = "gnu++0x";
				CLANG_CXX_LIBRARY = "libc++";
				CLANG_ENABLE_MODULES = YES;
				CLANG_ENABLE_OBJC_ARC = YES;
				CLANG_WARN_BOOL_CONVERSION = YES;
				CLANG_WARN_CONSTANT_CONVERSION = YES;
				CLANG_WARN_DIRECT_OBJC_ISA_USAGE = YES_ERROR;
				CLANG_WARN_EMPTY_BODY = YES;
				CLANG_WARN_ENUM_CONVERSION = YES;
				CLANG_WARN_INT_CONVERSION = YES;
				CLANG_WARN_OBJC_ROOT_CLASS = YES_ERROR;
				CLANG_WARN_UNREACHABLE_CODE = YES;
				CLANG_WARN__DUPLICATE_METHOD_MATCH = YES;
				"CODE_SIGN_IDENTITY[sdk=iphoneos*]" = "iPhone Developer";
				COPY_PHASE_STRIP = NO;
				DEBUG_INFORMATION_FORMAT = "dwarf-with-dsym";
				ENABLE_NS_ASSERTIONS = NO;
				ENABLE_STRICT_OBJC_MSGSEND = YES;
				GCC_C_LANGUAGE_STANDARD = gnu99;
				GCC_NO_COMMON_BLOCKS = YES;
				GCC_WARN_64_TO_32_BIT_CONVERSION = YES;
				GCC_WARN_ABOUT_RETURN_TYPE = YES_ERROR;
				GCC_WARN_UNDECLARED_SELECTOR = YES;
				GCC_WARN_UNINITIALIZED_AUTOS = YES_AGGRESSIVE;
				GCC_WARN_UNUSED_FUNCTION = YES;
				GCC_WARN_UNUSED_VARIABLE = YES;
				IPHONEOS_DEPLOYMENT_TARGET = 9.2;
				MTL_ENABLE_DEBUG_INFO = NO;
				SDKROOT = iphoneos;
				VALIDATE_PRODUCT = YES;
			};
			name = Release;
		};
		96EA84391C467F5F006C3D9D /* Debug */ = {
			isa = XCBuildConfiguration;
			baseConfigurationReference = 43777F9FD2003DDA3B3838CE /* Pods.debug.xcconfig */;
			buildSettings = {
				ASSETCATALOG_COMPILER_APPICON_NAME = AppIcon;
				INFOPLIST_FILE = TaskManager/Info.plist;
				LD_RUNPATH_SEARCH_PATHS = "$(inherited) @executable_path/Frameworks";
				PRODUCT_BUNDLE_IDENTIFIER = com.meecaa.TaskManager;
				PRODUCT_NAME = "$(TARGET_NAME)";
			};
			name = Debug;
		};
		96EA843A1C467F5F006C3D9D /* Release */ = {
			isa = XCBuildConfiguration;
			baseConfigurationReference = 3D32224B9DC4F0E16C85C7B7 /* Pods.release.xcconfig */;
			buildSettings = {
				ASSETCATALOG_COMPILER_APPICON_NAME = AppIcon;
				INFOPLIST_FILE = TaskManager/Info.plist;
				LD_RUNPATH_SEARCH_PATHS = "$(inherited) @executable_path/Frameworks";
				PRODUCT_BUNDLE_IDENTIFIER = com.meecaa.TaskManager;
				PRODUCT_NAME = "$(TARGET_NAME)";
			};
			name = Release;
		};
/* End XCBuildConfiguration section */

/* Begin XCConfigurationList section */
		96EA841C1C467F5F006C3D9D /* Build configuration list for PBXProject "TaskManager" */ = {
			isa = XCConfigurationList;
			buildConfigurations = (
				96EA84361C467F5F006C3D9D /* Debug */,
				96EA84371C467F5F006C3D9D /* Release */,
			);
			defaultConfigurationIsVisible = 0;
			defaultConfigurationName = Release;
		};
		96EA84381C467F5F006C3D9D /* Build configuration list for PBXNativeTarget "TaskManager" */ = {
			isa = XCConfigurationList;
			buildConfigurations = (
				96EA84391C467F5F006C3D9D /* Debug */,
				96EA843A1C467F5F006C3D9D /* Release */,
			);
			defaultConfigurationIsVisible = 0;
			defaultConfigurationName = Release;
		};
/* End XCConfigurationList section */
	};
	rootObject = 96EA84191C467F5F006C3D9D /* Project object */;
}
